
Microsoft Visual Studio Solution File, Format Version 12.00
# Visual Studio Version 16
VisualStudioVersion = 16.0.28917.181
MinimumVisualStudioVersion = 10.0.40219.1
Project("{FAE04EC0-301F-11D3-BF4B-00C04F79EFBC}") = "MAL-Renamer", "WindowsFormsApp1\MAL-Renamer.csproj", "{C0C50F41-A64C-4A3F-9D3E-A5EB29DE2533}"
EndProject
Global
	GlobalSection(SolutionConfigurationPlatforms) = preSolution
		Debug|Any CPU = Debug|Any CPU
		Release|Any CPU = Release|Any CPU
	EndGlobalSection
	GlobalSection(ProjectConfigurationPlatforms) = postSolution
		{C0C50F41-A64C-4A3F-9D3E-A5EB29DE2533}.Debug|Any CPU.ActiveCfg = Debug|Any CPU
		{C0C50F41-A64C-4A3F-9D3E-A5EB29DE2533}.Debug|Any CPU.Build.0 = Debug|Any CPU
		{C0C50F41-A64C-4A3F-9D3E-A5EB29DE2533}.Release|Any CPU.ActiveCfg = Release|Any CPU
		{C0C50F41-A64C-4A3F-9D3E-A5EB29DE2533}.Release|Any CPU.Build.0 = Release|Any CPU
	EndGlobalSection
	GlobalSection(SolutionProperties) = preSolution
		HideSolutionNode = FALSE
	EndGlobalSection
	GlobalSection(ExtensibilityGlobals) = postSolution
		SolutionGuid = {7EC1CF92-262C-421D-9C8B-30B816E39BF1}
	EndGlobalSection
EndGlobal
